
Microsoft Visual Studio Solution File, Format Version 12.00
# Visual Studio 15
VisualStudioVersion = 15.0.27428.2043
MinimumVisualStudioVersion = 10.0.40219.1
Project("{F184B08F-C81C-45F6-A57F-5ABD9991F28F}") = "SDAmpelLichtControl", "SDAmpelLichtControl\SDAmpelLichtControl.vbproj", "{5639BE2D-EE39-42CE-8441-E93BF277CFF0}"
EndProject
Global
	GlobalSection(SolutionConfigurationPlatforms) = preSolution
		Debug|Any CPU = Debug|Any CPU
		Release|Any CPU = Release|Any CPU
	EndGlobalSection
	GlobalSection(ProjectConfigurationPlatforms) = postSolution
		{5639BE2D-EE39-42CE-8441-E93BF277CFF0}.Debug|Any CPU.ActiveCfg = Debug|Any CPU
		{5639BE2D-EE39-42CE-8441-E93BF277CFF0}.Debug|Any CPU.Build.0 = Debug|Any CPU
		{5639BE2D-EE39-42CE-8441-E93BF277CFF0}.Release|Any CPU.ActiveCfg = Release|Any CPU
		{5639BE2D-EE39-42CE-8441-E93BF277CFF0}.Release|Any CPU.Build.0 = Release|Any CPU
	EndGlobalSection
	GlobalSection(SolutionProperties) = preSolution
		HideSolutionNode = FALSE
	EndGlobalSection
	GlobalSection(ExtensibilityGlobals) = postSolution
		SolutionGuid = {BD4F1932-58B7-4ED5-B7AA-9AF7A234D817}
	EndGlobalSection
EndGlobal
